
Microsoft Visual Studio Solution File, Format Version 12.00
# Visual Studio Version 16
VisualStudioVersion = 16.0.31019.35
MinimumVisualStudioVersion = 10.0.40219.1
Project("{FAE04EC0-301F-11D3-BF4B-00C04F79EFBC}") = "BridgeMonitor", "BridgeMonitor.csproj", "{EE4B45CC-4EAC-43C9-B2CF-74D4B0479361}"
EndProject
Global
	GlobalSection(SolutionConfigurationPlatforms) = preSolution
		Debug|Any CPU = Debug|Any CPU
		Release|Any CPU = Release|Any CPU
	EndGlobalSection
	GlobalSection(ProjectConfigurationPlatforms) = postSolution
		{EE4B45CC-4EAC-43C9-B2CF-74D4B0479361}.Debug|Any CPU.ActiveCfg = Debug|Any CPU
		{EE4B45CC-4EAC-43C9-B2CF-74D4B0479361}.Debug|Any CPU.Build.0 = Debug|Any CPU
		{EE4B45CC-4EAC-43C9-B2CF-74D4B0479361}.Release|Any CPU.ActiveCfg = Release|Any CPU
		{EE4B45CC-4EAC-43C9-B2CF-74D4B0479361}.Release|Any CPU.Build.0 = Release|Any CPU
	EndGlobalSection
	GlobalSection(SolutionProperties) = preSolution
		HideSolutionNode = FALSE
	EndGlobalSection
	GlobalSection(ExtensibilityGlobals) = postSolution
		SolutionGuid = {A790D075-068B-4994-9299-1EB7977551DC}
	EndGlobalSection
EndGlobal
